// !$*UTF8*$!
{
	archiveVersion = 1;
	classes = {
	};
	objectVersion = 56;
	objects = {

/* Begin PBXBuildFile section */
		06E223E62B5BD47700CAB6B0 /* SwiftUIAuthWithFirebaseApp.swift in Sources */ = {isa = PBXBuildFile; fileRef = 06E223E52B5BD47700CAB6B0 /* SwiftUIAuthWithFirebaseApp.swift */; };
		06E223E82B5BD47700CAB6B0 /* ContentView.swift in Sources */ = {isa = PBXBuildFile; fileRef = 06E223E72B5BD47700CAB6B0 /* ContentView.swift */; };
		06E223EA2B5BD47900CAB6B0 /* Assets.xcassets in Resources */ = {isa = PBXBuildFile; fileRef = 06E223E92B5BD47900CAB6B0 /* Assets.xcassets */; };
		06E223ED2B5BD47900CAB6B0 /* Preview Assets.xcassets in Resources */ = {isa = PBXBuildFile; fileRef = 06E223EC2B5BD47900CAB6B0 /* Preview Assets.xcassets */; };
		06E223FC2B5BD53100CAB6B0 /* LoginView.swift in Sources */ = {isa = PBXBuildFile; fileRef = 06E223FB2B5BD53100CAB6B0 /* LoginView.swift */; };
		06E223FE2B5BD6E000CAB6B0 /* InputView.swift in Sources */ = {isa = PBXBuildFile; fileRef = 06E223FD2B5BD6E000CAB6B0 /* InputView.swift */; };
		06E224002B5BDB4200CAB6B0 /* RegisterView.swift in Sources */ = {isa = PBXBuildFile; fileRef = 06E223FF2B5BDB4200CAB6B0 /* RegisterView.swift */; };
		06E224022B5BDE2600CAB6B0 /* ProfileView.swift in Sources */ = {isa = PBXBuildFile; fileRef = 06E224012B5BDE2600CAB6B0 /* ProfileView.swift */; };
		06E224052B5BDF6D00CAB6B0 /* Extensions.swift in Sources */ = {isa = PBXBuildFile; fileRef = 06E224042B5BDF6D00CAB6B0 /* Extensions.swift */; };
		06E224072B5BE20000CAB6B0 /* SettingsRowView.swift in Sources */ = {isa = PBXBuildFile; fileRef = 06E224062B5BE20000CAB6B0 /* SettingsRowView.swift */; };
		06E224092B5BE3C300CAB6B0 /* User.swift in Sources */ = {isa = PBXBuildFile; fileRef = 06E224082B5BE3C300CAB6B0 /* User.swift */; };
/* End PBXBuildFile section */

/* Begin PBXFileReference section */
		06E223E22B5BD47700CAB6B0 /* SwiftUIAuthWithFirebase.app */ = {isa = PBXFileReference; explicitFileType = wrapper.application; includeInIndex = 0; path = SwiftUIAuthWithFirebase.app; sourceTree = BUILT_PRODUCTS_DIR; };
		06E223E52B5BD47700CAB6B0 /* SwiftUIAuthWithFirebaseApp.swift */ = {isa = PBXFileReference; lastKnownFileType = sourcecode.swift; path = SwiftUIAuthWithFirebaseApp.swift; sourceTree = "<group>"; };
		06E223E72B5BD47700CAB6B0 /* ContentView.swift */ = {isa = PBXFileReference; lastKnownFileType = sourcecode.swift; path = ContentView.swift; sourceTree = "<group>"; };
		06E223E92B5BD47900CAB6B0 /* Assets.xcassets */ = {isa = PBXFileReference; lastKnownFileType = folder.assetcatalog; path = Assets.xcassets; sourceTree = "<group>"; };
		06E223EC2B5BD47900CAB6B0 /* Preview Assets.xcassets */ = {isa = PBXFileReference; lastKnownFileType = folder.assetcatalog; path = "Preview Assets.xcassets"; sourceTree = "<group>"; };
		06E223FB2B5BD53100CAB6B0 /* LoginView.swift */ = {isa = PBXFileReference; lastKnownFileType = sourcecode.swift; path = LoginView.swift; sourceTree = "<group>"; };
		06E223FD2B5BD6E000CAB6B0 /* InputView.swift */ = {isa = PBXFileReference; lastKnownFileType = sourcecode.swift; path = InputView.swift; sourceTree = "<group>"; };
		06E223FF2B5BDB4200CAB6B0 /* RegisterView.swift */ = {isa = PBXFileReference; lastKnownFileType = sourcecode.swift; path = RegisterView.swift; sourceTree = "<group>"; };
		06E224012B5BDE2600CAB6B0 /* ProfileView.swift */ = {isa = PBXFileReference; lastKnownFileType = sourcecode.swift; path = ProfileView.swift; sourceTree = "<group>"; };
		06E224042B5BDF6D00CAB6B0 /* Extensions.swift */ = {isa = PBXFileReference; lastKnownFileType = sourcecode.swift; path = Extensions.swift; sourceTree = "<group>"; };
		06E224062B5BE20000CAB6B0 /* SettingsRowView.swift */ = {isa = PBXFileReference; lastKnownFileType = sourcecode.swift; path = SettingsRowView.swift; sourceTree = "<group>"; };
		06E224082B5BE3C300CAB6B0 /* User.swift */ = {isa = PBXFileReference; lastKnownFileType = sourcecode.swift; path = User.swift; sourceTree = "<group>"; };
/* End PBXFileReference section */

/* Begin PBXFrameworksBuildPhase section */
		06E223DF2B5BD47700CAB6B0 /* Frameworks */ = {
			isa = PBXFrameworksBuildPhase;
			buildActionMask = 2147483647;
			files = (
			);
			runOnlyForDeploymentPostprocessing = 0;
		};
/* End PBXFrameworksBuildPhase section */

/* Begin PBXGroup section */
		06E223D92B5BD47700CAB6B0 = {
			isa = PBXGroup;
			children = (
				06E223E42B5BD47700CAB6B0 /* SwiftUIAuthWithFirebase */,
				06E223E32B5BD47700CAB6B0 /* Products */,
			);
			sourceTree = "<group>";
		};
		06E223E32B5BD47700CAB6B0 /* Products */ = {
			isa = PBXGroup;
			children = (
				06E223E22B5BD47700CAB6B0 /* SwiftUIAuthWithFirebase.app */,
			);
			name = Products;
			sourceTree = "<group>";
		};
		06E223E42B5BD47700CAB6B0 /* SwiftUIAuthWithFirebase */ = {
			isa = PBXGroup;
			children = (
				06E224032B5BDF5800CAB6B0 /* Helpers */,
				06E223F72B5BD4B300CAB6B0 /* App */,
				06E223F62B5BD4B100CAB6B0 /* Components */,
				06E223F52B5BD4AB00CAB6B0 /* Core */,
				06E223F42B5BD4A800CAB6B0 /* Model */,
				06E223E92B5BD47900CAB6B0 /* Assets.xcassets */,
				06E223EB2B5BD47900CAB6B0 /* Preview Content */,
			);
			path = SwiftUIAuthWithFirebase;
			sourceTree = "<group>";
		};
		06E223EB2B5BD47900CAB6B0 /* Preview Content */ = {
			isa = PBXGroup;
			children = (
				06E223EC2B5BD47900CAB6B0 /* Preview Assets.xcassets */,
			);
			path = "Preview Content";
			sourceTree = "<group>";
		};
		06E223F42B5BD4A800CAB6B0 /* Model */ = {
			isa = PBXGroup;
			children = (
				06E224082B5BE3C300CAB6B0 /* User.swift */,
			);
			path = Model;
			sourceTree = "<group>";
		};
		06E223F52B5BD4AB00CAB6B0 /* Core */ = {
			isa = PBXGroup;
			children = (
				06E223F92B5BD4FA00CAB6B0 /* Authentication */,
				06E223FA2B5BD50500CAB6B0 /* Profile */,
				06E223F82B5BD4ED00CAB6B0 /* Root */,
			);
			path = Core;
			sourceTree = "<group>";
		};
		06E223F62B5BD4B100CAB6B0 /* Components */ = {
			isa = PBXGroup;
			children = (
				06E223FD2B5BD6E000CAB6B0 /* InputView.swift */,
				06E224062B5BE20000CAB6B0 /* SettingsRowView.swift */,
			);
			path = Components;
			sourceTree = "<group>";
		};
		06E223F72B5BD4B300CAB6B0 /* App */ = {
			isa = PBXGroup;
			children = (
				06E223E52B5BD47700CAB6B0 /* SwiftUIAuthWithFirebaseApp.swift */,
			);
			path = App;
			sourceTree = "<group>";
		};
		06E223F82B5BD4ED00CAB6B0 /* Root */ = {
			isa = PBXGroup;
			children = (
				06E223E72B5BD47700CAB6B0 /* ContentView.swift */,
			);
			path = Root;
			sourceTree = "<group>";
		};
		06E223F92B5BD4FA00CAB6B0 /* Authentication */ = {
			isa = PBXGroup;
			children = (
				06E223FB2B5BD53100CAB6B0 /* LoginView.swift */,
				06E223FF2B5BDB4200CAB6B0 /* RegisterView.swift */,
			);
			path = Authentication;
			sourceTree = "<group>";
		};
		06E223FA2B5BD50500CAB6B0 /* Profile */ = {
			isa = PBXGroup;
			children = (
				06E224012B5BDE2600CAB6B0 /* ProfileView.swift */,
			);
			path = Profile;
			sourceTree = "<group>";
		};
		06E224032B5BDF5800CAB6B0 /* Helpers */ = {
			isa = PBXGroup;
			children = (
				06E224042B5BDF6D00CAB6B0 /* Extensions.swift */,
			);
			path = Helpers;
			sourceTree = "<group>";
		};
/* End PBXGroup section */

/* Begin PBXNativeTarget section */
		06E223E12B5BD47700CAB6B0 /* SwiftUIAuthWithFirebase */ = {
			isa = PBXNativeTarget;
			buildConfigurationList = 06E223F02B5BD47900CAB6B0 /* Build configuration list for PBXNativeTarget "SwiftUIAuthWithFirebase" */;
			buildPhases = (
				06E223DE2B5BD47700CAB6B0 /* Sources */,
				06E223DF2B5BD47700CAB6B0 /* Frameworks */,
				06E223E02B5BD47700CAB6B0 /* Resources */,
			);
			buildRules = (
			);
			dependencies = (
			);
			name = SwiftUIAuthWithFirebase;
			productName = SwiftUIAuthWithFirebase;
			productReference = 06E223E22B5BD47700CAB6B0 /* SwiftUIAuthWithFirebase.app */;
			productType = "com.apple.product-type.application";
		};
/* End PBXNativeTarget section */

/* Begin PBXProject section */
		06E223DA2B5BD47700CAB6B0 /* Project object */ = {
			isa = PBXProject;
			attributes = {
				BuildIndependentTargetsInParallel = 1;
				LastSwiftUpdateCheck = 1520;
				LastUpgradeCheck = 1520;
				TargetAttributes = {
					06E223E12B5BD47700CAB6B0 = {
						CreatedOnToolsVersion = 15.2;
					};
				};
			};
			buildConfigurationList = 06E223DD2B5BD47700CAB6B0 /* Build configuration list for PBXProject "SwiftUIAuthWithFirebase" */;
			compatibilityVersion = "Xcode 14.0";
			developmentRegion = en;
			hasScannedForEncodings = 0;
			knownRegions = (
				en,
				Base,
			);
			mainGroup = 06E223D92B5BD47700CAB6B0;
			productRefGroup = 06E223E32B5BD47700CAB6B0 /* Products */;
			projectDirPath = "";
			projectRoot = "";
			targets = (
				06E223E12B5BD47700CAB6B0 /* SwiftUIAuthWithFirebase */,
			);
		};
/* End PBXProject section */

/* Begin PBXResourcesBuildPhase section */
		06E223E02B5BD47700CAB6B0 /* Resources */ = {
			isa = PBXResourcesBuildPhase;
			buildActionMask = 2147483647;
			files = (
				06E223ED2B5BD47900CAB6B0 /* Preview Assets.xcassets in Resources */,
				06E223EA2B5BD47900CAB6B0 /* Assets.xcassets in Resources */,
			);
			runOnlyForDeploymentPostprocessing = 0;
		};
/* End PBXResourcesBuildPhase section */

/* Begin PBXSourcesBuildPhase section */
		06E223DE2B5BD47700CAB6B0 /* Sources */ = {
			isa = PBXSourcesBuildPhase;
			buildActionMask = 2147483647;
			files = (
				06E223FC2B5BD53100CAB6B0 /* LoginView.swift in Sources */,
				06E224052B5BDF6D00CAB6B0 /* Extensions.swift in Sources */,
				06E224002B5BDB4200CAB6B0 /* RegisterView.swift in Sources */,
				06E223FE2B5BD6E000CAB6B0 /* InputView.swift in Sources */,
				06E224072B5BE20000CAB6B0 /* SettingsRowView.swift in Sources */,
				06E224092B5BE3C300CAB6B0 /* User.swift in Sources */,
				06E223E82B5BD47700CAB6B0 /* ContentView.swift in Sources */,
				06E224022B5BDE2600CAB6B0 /* ProfileView.swift in Sources */,
				06E223E62B5BD47700CAB6B0 /* SwiftUIAuthWithFirebaseApp.swift in Sources */,
			);
			runOnlyForDeploymentPostprocessing = 0;
		};
/* End PBXSourcesBuildPhase section */

/* Begin XCBuildConfiguration section */
		06E223EE2B5BD47900CAB6B0 /* Debug */ = {
			isa = XCBuildConfiguration;
			buildSettings = {
				ALWAYS_SEARCH_USER_PATHS = NO;
				ASSETCATALOG_COMPILER_GENERATE_SWIFT_ASSET_SYMBOL_EXTENSIONS = YES;
				CLANG_ANALYZER_NONNULL = YES;
				CLANG_ANALYZER_NUMBER_OBJECT_CONVERSION = YES_AGGRESSIVE;
				CLANG_CXX_LANGUAGE_STANDARD = "gnu++20";
				CLANG_ENABLE_MODULES = YES;
				CLANG_ENABLE_OBJC_ARC = YES;
				CLANG_ENABLE_OBJC_WEAK = YES;
				CLANG_WARN_BLOCK_CAPTURE_AUTORELEASING = YES;
				CLANG_WARN_BOOL_CONVERSION = YES;
				CLANG_WARN_COMMA = YES;
				CLANG_WARN_CONSTANT_CONVERSION = YES;
				CLANG_WARN_DEPRECATED_OBJC_IMPLEMENTATIONS = YES;
				CLANG_WARN_DIRECT_OBJC_ISA_USAGE = YES_ERROR;
				CLANG_WARN_DOCUMENTATION_COMMENTS = YES;
				CLANG_WARN_EMPTY_BODY = YES;
				CLANG_WARN_ENUM_CONVERSION = YES;
				CLANG_WARN_INFINITE_RECURSION = YES;
				CLANG_WARN_INT_CONVERSION = YES;
				CLANG_WARN_NON_LITERAL_NULL_CONVERSION = YES;
				CLANG_WARN_OBJC_IMPLICIT_RETAIN_SELF = YES;
				CLANG_WARN_OBJC_LITERAL_CONVERSION = YES;
				CLANG_WARN_OBJC_ROOT_CLASS = YES_ERROR;
				CLANG_WARN_QUOTED_INCLUDE_IN_FRAMEWORK_HEADER = YES;
				CLANG_WARN_RANGE_LOOP_ANALYSIS = YES;
				CLANG_WARN_STRICT_PROTOTYPES = YES;
				CLANG_WARN_SUSPICIOUS_MOVE = YES;
				CLANG_WARN_UNGUARDED_AVAILABILITY = YES_AGGRESSIVE;
				CLANG_WARN_UNREACHABLE_CODE = YES;
				CLANG_WARN__DUPLICATE_METHOD_MATCH = YES;
				COPY_PHASE_STRIP = NO;
				DEBUG_INFORMATION_FORMAT = dwarf;
				ENABLE_STRICT_OBJC_MSGSEND = YES;
				ENABLE_TESTABILITY = YES;
				ENABLE_USER_SCRIPT_SANDBOXING = YES;
				GCC_C_LANGUAGE_STANDARD = gnu17;
				GCC_DYNAMIC_NO_PIC = NO;
				GCC_NO_COMMON_BLOCKS = YES;
				GCC_OPTIMIZATION_LEVEL = 0;
				GCC_PREPROCESSOR_DEFINITIONS = (
					"DEBUG=1",
					"$(inherited)",
				);
				GCC_WARN_64_TO_32_BIT_CONVERSION = YES;
				GCC_WARN_ABOUT_RETURN_TYPE = YES_ERROR;
				GCC_WARN_UNDECLARED_SELECTOR = YES;
				GCC_WARN_UNINITIALIZED_AUTOS = YES_AGGRESSIVE;
				GCC_WARN_UNUSED_FUNCTION = YES;
				GCC_WARN_UNUSED_VARIABLE = YES;
				IPHONEOS_DEPLOYMENT_TARGET = 17.2;
				LOCALIZATION_PREFERS_STRING_CATALOGS = YES;
				MTL_ENABLE_DEBUG_INFO = INCLUDE_SOURCE;
				MTL_FAST_MATH = YES;
				ONLY_ACTIVE_ARCH = YES;
				SDKROOT = iphoneos;
				SWIFT_ACTIVE_COMPILATION_CONDITIONS = "DEBUG $(inherited)";
				SWIFT_OPTIMIZATION_LEVEL = "-Onone";
			};
			name = Debug;
		};
		06E223EF2B5BD47900CAB6B0 /* Release */ = {
			isa = XCBuildConfiguration;
			buildSettings = {
				ALWAYS_SEARCH_USER_PATHS = NO;
				ASSETCATALOG_COMPILER_GENERATE_SWIFT_ASSET_SYMBOL_EXTENSIONS = YES;
				CLANG_ANALYZER_NONNULL = YES;
				CLANG_ANALYZER_NUMBER_OBJECT_CONVERSION = YES_AGGRESSIVE;
				CLANG_CXX_LANGUAGE_STANDARD = "gnu++20";
				CLANG_ENABLE_MODULES = YES;
				CLANG_ENABLE_OBJC_ARC = YES;
				CLANG_ENABLE_OBJC_WEAK = YES;
				CLANG_WARN_BLOCK_CAPTURE_AUTORELEASING = YES;
				CLANG_WARN_BOOL_CONVERSION = YES;
				CLANG_WARN_COMMA = YES;
				CLANG_WARN_CONSTANT_CONVERSION = YES;
				CLANG_WARN_DEPRECATED_OBJC_IMPLEMENTATIONS = YES;
				CLANG_WARN_DIRECT_OBJC_ISA_USAGE = YES_ERROR;
				CLANG_WARN_DOCUMENTATION_COMMENTS = YES;
				CLANG_WARN_EMPTY_BODY = YES;
				CLANG_WARN_ENUM_CONVERSION = YES;
				CLANG_WARN_INFINITE_RECURSION = YES;
				CLANG_WARN_INT_CONVERSION = YES;
				CLANG_WARN_NON_LITERAL_NULL_CONVERSION = YES;
				CLANG_WARN_OBJC_IMPLICIT_RETAIN_SELF = YES;
				CLANG_WARN_OBJC_LITERAL_CONVERSION = YES;
				CLANG_WARN_OBJC_ROOT_CLASS = YES_ERROR;
				CLANG_WARN_QUOTED_INCLUDE_IN_FRAMEWORK_HEADER = YES;
				CLANG_WARN_RANGE_LOOP_ANALYSIS = YES;
				CLANG_WARN_STRICT_PROTOTYPES = YES;
				CLANG_WARN_SUSPICIOUS_MOVE = YES;
				CLANG_WARN_UNGUARDED_AVAILABILITY = YES_AGGRESSIVE;
				CLANG_WARN_UNREACHABLE_CODE = YES;
				CLANG_WARN__DUPLICATE_METHOD_MATCH = YES;
				COPY_PHASE_STRIP = NO;
				DEBUG_INFORMATION_FORMAT = "dwarf-with-dsym";
				ENABLE_NS_ASSERTIONS = NO;
				ENABLE_STRICT_OBJC_MSGSEND = YES;
				ENABLE_USER_SCRIPT_SANDBOXING = YES;
				GCC_C_LANGUAGE_STANDARD = gnu17;
				GCC_NO_COMMON_BLOCKS = YES;
				GCC_WARN_64_TO_32_BIT_CONVERSION = YES;
				GCC_WARN_ABOUT_RETURN_TYPE = YES_ERROR;
				GCC_WARN_UNDECLARED_SELECTOR = YES;
				GCC_WARN_UNINITIALIZED_AUTOS = YES_AGGRESSIVE;
				GCC_WARN_UNUSED_FUNCTION = YES;
				GCC_WARN_UNUSED_VARIABLE = YES;
				IPHONEOS_DEPLOYMENT_TARGET = 17.2;
				LOCALIZATION_PREFERS_STRING_CATALOGS = YES;
				MTL_ENABLE_DEBUG_INFO = NO;
				MTL_FAST_MATH = YES;
				SDKROOT = iphoneos;
				SWIFT_COMPILATION_MODE = wholemodule;
				VALIDATE_PRODUCT = YES;
			};
			name = Release;
		};
		06E223F12B5BD47900CAB6B0 /* Debug */ = {
			isa = XCBuildConfiguration;
			buildSettings = {
				ASSETCATALOG_COMPILER_APPICON_NAME = AppIcon;
				ASSETCATALOG_COMPILER_GLOBAL_ACCENT_COLOR_NAME = AccentColor;
				CODE_SIGN_STYLE = Automatic;
				CURRENT_PROJECT_VERSION = 1;
				DEVELOPMENT_ASSET_PATHS = "\"SwiftUIAuthWithFirebase/Preview Content\"";
				DEVELOPMENT_TEAM = BU7D27M3D7;
				ENABLE_PREVIEWS = YES;
				GENERATE_INFOPLIST_FILE = YES;
				INFOPLIST_KEY_UIApplicationSceneManifest_Generation = YES;
				INFOPLIST_KEY_UIApplicationSupportsIndirectInputEvents = YES;
				INFOPLIST_KEY_UILaunchScreen_Generation = YES;
				INFOPLIST_KEY_UISupportedInterfaceOrientations_iPad = "UIInterfaceOrientationPortrait UIInterfaceOrientationPortraitUpsideDown UIInterfaceOrientationLandscapeLeft UIInterfaceOrientationLandscapeRight";
				INFOPLIST_KEY_UISupportedInterfaceOrientations_iPhone = "UIInterfaceOrientationPortrait UIInterfaceOrientationLandscapeLeft UIInterfaceOrientationLandscapeRight";
				LD_RUNPATH_SEARCH_PATHS = (
					"$(inherited)",
					"@executable_path/Frameworks",
				);
				MARKETING_VERSION = 1.0;
				PRODUCT_BUNDLE_IDENTIFIER = com.cagrisayir.SwiftUIAuthWithFirebase;
				PRODUCT_NAME = "$(TARGET_NAME)";
				SWIFT_EMIT_LOC_STRINGS = YES;
				SWIFT_VERSION = 5.0;
				TARGETED_DEVICE_FAMILY = "1,2";
			};
			name = Debug;
		};
		06E223F22B5BD47900CAB6B0 /* Release */ = {
			isa = XCBuildConfiguration;
			buildSettings = {
				ASSETCATALOG_COMPILER_APPICON_NAME = AppIcon;
				ASSETCATALOG_COMPILER_GLOBAL_ACCENT_COLOR_NAME = AccentColor;
				CODE_SIGN_STYLE = Automatic;
				CURRENT_PROJECT_VERSION = 1;
				DEVELOPMENT_ASSET_PATHS = "\"SwiftUIAuthWithFirebase/Preview Content\"";
				DEVELOPMENT_TEAM = BU7D27M3D7;
				ENABLE_PREVIEWS = YES;
				GENERATE_INFOPLIST_FILE = YES;
				INFOPLIST_KEY_UIApplicationSceneManifest_Generation = YES;
				INFOPLIST_KEY_UIApplicationSupportsIndirectInputEvents = YES;
				INFOPLIST_KEY_UILaunchScreen_Generation = YES;
				INFOPLIST_KEY_UISupportedInterfaceOrientations_iPad = "UIInterfaceOrientationPortrait UIInterfaceOrientationPortraitUpsideDown UIInterfaceOrientationLandscapeLeft UIInterfaceOrientationLandscapeRight";
				INFOPLIST_KEY_UISupportedInterfaceOrientations_iPhone = "UIInterfaceOrientationPortrait UIInterfaceOrientationLandscapeLeft UIInterfaceOrientationLandscapeRight";
				LD_RUNPATH_SEARCH_PATHS = (
					"$(inherited)",
					"@executable_path/Frameworks",
				);
				MARKETING_VERSION = 1.0;
				PRODUCT_BUNDLE_IDENTIFIER = com.cagrisayir.SwiftUIAuthWithFirebase;
				PRODUCT_NAME = "$(TARGET_NAME)";
				SWIFT_EMIT_LOC_STRINGS = YES;
				SWIFT_VERSION = 5.0;
				TARGETED_DEVICE_FAMILY = "1,2";
			};
			name = Release;
		};
/* End XCBuildConfiguration section */

/* Begin XCConfigurationList section */
		06E223DD2B5BD47700CAB6B0 /* Build configuration list for PBXProject "SwiftUIAuthWithFirebase" */ = {
			isa = XCConfigurationList;
			buildConfigurations = (
				06E223EE2B5BD47900CAB6B0 /* Debug */,
				06E223EF2B5BD47900CAB6B0 /* Release */,
			);
			defaultConfigurationIsVisible = 0;
			defaultConfigurationName = Release;
		};
		06E223F02B5BD47900CAB6B0 /* Build configuration list for PBXNativeTarget "SwiftUIAuthWithFirebase" */ = {
			isa = XCConfigurationList;
			buildConfigurations = (
				06E223F12B5BD47900CAB6B0 /* Debug */,
				06E223F22B5BD47900CAB6B0 /* Release */,
			);
			defaultConfigurationIsVisible = 0;
			defaultConfigurationName = Release;
		};
/* End XCConfigurationList section */
	};
	rootObject = 06E223DA2B5BD47700CAB6B0 /* Project object */;
}
